// !$*UTF8*$!
{
	archiveVersion = 1;
	classes = {
	};
	objectVersion = 50;
	objects = {

/* Begin PBXBuildFile section */
		7A58C6E62560EECE004ECE69 /* Cells.swift in Sources */ = {isa = PBXBuildFile; fileRef = 7A58C6E52560EECE004ECE69 /* Cells.swift */; };
		7ABDDD40253564A500E7ED78 /* AppDelegate.swift in Sources */ = {isa = PBXBuildFile; fileRef = 7ABDDD3F253564A500E7ED78 /* AppDelegate.swift */; };
		7ABDDD42253564A500E7ED78 /* SceneDelegate.swift in Sources */ = {isa = PBXBuildFile; fileRef = 7ABDDD41253564A500E7ED78 /* SceneDelegate.swift */; };
		7ABDDD44253564A500E7ED78 /* ViewController.swift in Sources */ = {isa = PBXBuildFile; fileRef = 7ABDDD43253564A500E7ED78 /* ViewController.swift */; };
		7ABDDD47253564A500E7ED78 /* Main.storyboard in Resources */ = {isa = PBXBuildFile; fileRef = 7ABDDD45253564A500E7ED78 /* Main.storyboard */; };
		7ABDDD49253564A900E7ED78 /* Assets.xcassets in Resources */ = {isa = PBXBuildFile; fileRef = 7ABDDD48253564A900E7ED78 /* Assets.xcassets */; };
		7ABDDD4C253564A900E7ED78 /* LaunchScreen.storyboard in Resources */ = {isa = PBXBuildFile; fileRef = 7ABDDD4A253564A900E7ED78 /* LaunchScreen.storyboard */; };
		7AD2B71E26ADE1FA00FFB496 /* ButtonState.swift in Sources */ = {isa = PBXBuildFile; fileRef = 7AD2B71D26ADE1FA00FFB496 /* ButtonState.swift */; };
		7AD2B72026AE1E8600FFB496 /* Node.swift in Sources */ = {isa = PBXBuildFile; fileRef = 7AD2B71F26AE1E8600FFB496 /* Node.swift */; };
		7AD2B72226AE20F300FFB496 /* MinHeap.swift in Sources */ = {isa = PBXBuildFile; fileRef = 7AD2B72126AE20F300FFB496 /* MinHeap.swift */; };
/* End PBXBuildFile section */

/* Begin PBXFileReference section */
		7A58C6E52560EECE004ECE69 /* Cells.swift */ = {isa = PBXFileReference; lastKnownFileType = sourcecode.swift; path = Cells.swift; sourceTree = "<group>"; };
		7ABDDD3C253564A500E7ED78 /* SearchAlgoVisualizer.app */ = {isa = PBXFileReference; explicitFileType = wrapper.application; includeInIndex = 0; path = SearchAlgoVisualizer.app; sourceTree = BUILT_PRODUCTS_DIR; };
		7ABDDD3F253564A500E7ED78 /* AppDelegate.swift */ = {isa = PBXFileReference; lastKnownFileType = sourcecode.swift; path = AppDelegate.swift; sourceTree = "<group>"; };
		7ABDDD41253564A500E7ED78 /* SceneDelegate.swift */ = {isa = PBXFileReference; lastKnownFileType = sourcecode.swift; path = SceneDelegate.swift; sourceTree = "<group>"; };
		7ABDDD43253564A500E7ED78 /* ViewController.swift */ = {isa = PBXFileReference; lastKnownFileType = sourcecode.swift; path = ViewController.swift; sourceTree = "<group>"; };
		7ABDDD46253564A500E7ED78 /* Base */ = {isa = PBXFileReference; lastKnownFileType = file.storyboard; name = Base; path = Base.lproj/Main.storyboard; sourceTree = "<group>"; };
		7ABDDD48253564A900E7ED78 /* Assets.xcassets */ = {isa = PBXFileReference; lastKnownFileType = folder.assetcatalog; path = Assets.xcassets; sourceTree = "<group>"; };
		7ABDDD4B253564A900E7ED78 /* Base */ = {isa = PBXFileReference; lastKnownFileType = file.storyboard; name = Base; path = Base.lproj/LaunchScreen.storyboard; sourceTree = "<group>"; };
		7ABDDD4D253564A900E7ED78 /* Info.plist */ = {isa = PBXFileReference; lastKnownFileType = text.plist.xml; path = Info.plist; sourceTree = "<group>"; };
		7AD2B71D26ADE1FA00FFB496 /* ButtonState.swift */ = {isa = PBXFileReference; lastKnownFileType = sourcecode.swift; path = ButtonState.swift; sourceTree = "<group>"; };
		7AD2B71F26AE1E8600FFB496 /* Node.swift */ = {isa = PBXFileReference; lastKnownFileType = sourcecode.swift; path = Node.swift; sourceTree = "<group>"; };
		7AD2B72126AE20F300FFB496 /* MinHeap.swift */ = {isa = PBXFileReference; lastKnownFileType = sourcecode.swift; path = MinHeap.swift; sourceTree = "<group>"; };
/* End PBXFileReference section */

/* Begin PBXFrameworksBuildPhase section */
		7ABDDD39253564A500E7ED78 /* Frameworks */ = {
			isa = PBXFrameworksBuildPhase;
			buildActionMask = 2147483647;
			files = (
			);
			runOnlyForDeploymentPostprocessing = 0;
		};
/* End PBXFrameworksBuildPhase section */

/* Begin PBXGroup section */
		7A58C6E42560EEB6004ECE69 /* Model */ = {
			isa = PBXGroup;
			children = (
				7A58C6E52560EECE004ECE69 /* Cells.swift */,
				7AD2B71D26ADE1FA00FFB496 /* ButtonState.swift */,
				7AD2B71F26AE1E8600FFB496 /* Node.swift */,
				7AD2B72126AE20F300FFB496 /* MinHeap.swift */,
			);
			path = Model;
			sourceTree = "<group>";
		};
		7ABDDD33253564A500E7ED78 = {
			isa = PBXGroup;
			children = (
				7ABDDD3E253564A500E7ED78 /* SearchAlgoVisualizer */,
				7ABDDD3D253564A500E7ED78 /* Products */,
			);
			sourceTree = "<group>";
		};
		7ABDDD3D253564A500E7ED78 /* Products */ = {
			isa = PBXGroup;
			children = (
				7ABDDD3C253564A500E7ED78 /* SearchAlgoVisualizer.app */,
			);
			name = Products;
			sourceTree = "<group>";
		};
		7ABDDD3E253564A500E7ED78 /* SearchAlgoVisualizer */ = {
			isa = PBXGroup;
			children = (
				7ABDDD3F253564A500E7ED78 /* AppDelegate.swift */,
				7ABDDD41253564A500E7ED78 /* SceneDelegate.swift */,
				7A58C6E42560EEB6004ECE69 /* Model */,
				7ABDDD55253564D600E7ED78 /* View */,
				7ABDDD54253564C600E7ED78 /* Controller */,
				7ABDDD48253564A900E7ED78 /* Assets.xcassets */,
				7ABDDD4D253564A900E7ED78 /* Info.plist */,
			);
			path = SearchAlgoVisualizer;
			sourceTree = "<group>";
		};
		7ABDDD54253564C600E7ED78 /* Controller */ = {
			isa = PBXGroup;
			children = (
				7ABDDD43253564A500E7ED78 /* ViewController.swift */,
			);
			path = Controller;
			sourceTree = "<group>";
		};
		7ABDDD55253564D600E7ED78 /* View */ = {
			isa = PBXGroup;
			children = (
				7ABDDD45253564A500E7ED78 /* Main.storyboard */,
				7ABDDD4A253564A900E7ED78 /* LaunchScreen.storyboard */,
			);
			path = View;
			sourceTree = "<group>";
		};
/* End PBXGroup section */

/* Begin PBXNativeTarget section */
		7ABDDD3B253564A500E7ED78 /* SearchAlgoVisualizer */ = {
			isa = PBXNativeTarget;
			buildConfigurationList = 7ABDDD50253564A900E7ED78 /* Build configuration list for PBXNativeTarget "SearchAlgoVisualizer" */;
			buildPhases = (
				7ABDDD38253564A500E7ED78 /* Sources */,
				7ABDDD39253564A500E7ED78 /* Frameworks */,
				7ABDDD3A253564A500E7ED78 /* Resources */,
			);
			buildRules = (
			);
			dependencies = (
			);
			name = SearchAlgoVisualizer;
			productName = SearchAlgoVisualizer;
			productReference = 7ABDDD3C253564A500E7ED78 /* SearchAlgoVisualizer.app */;
			productType = "com.apple.product-type.application";
		};
/* End PBXNativeTarget section */

/* Begin PBXProject section */
		7ABDDD34253564A500E7ED78 /* Project object */ = {
			isa = PBXProject;
			attributes = {
				LastSwiftUpdateCheck = 1200;
				LastUpgradeCheck = 1200;
				TargetAttributes = {
					7ABDDD3B253564A500E7ED78 = {
						CreatedOnToolsVersion = 12.0.1;
					};
				};
			};
			buildConfigurationList = 7ABDDD37253564A500E7ED78 /* Build configuration list for PBXProject "SearchAlgoVisualizer" */;
			compatibilityVersion = "Xcode 9.3";
			developmentRegion = en;
			hasScannedForEncodings = 0;
			knownRegions = (
				en,
				Base,
			);
			mainGroup = 7ABDDD33253564A500E7ED78;
			productRefGroup = 7ABDDD3D253564A500E7ED78 /* Products */;
			projectDirPath = "";
			projectRoot = "";
			targets = (
				7ABDDD3B253564A500E7ED78 /* SearchAlgoVisualizer */,
			);
		};
/* End PBXProject section */

/* Begin PBXResourcesBuildPhase section */
		7ABDDD3A253564A500E7ED78 /* Resources */ = {
			isa = PBXResourcesBuildPhase;
			buildActionMask = 2147483647;
			files = (
				7ABDDD4C253564A900E7ED78 /* LaunchScreen.storyboard in Resources */,
				7ABDDD49253564A900E7ED78 /* Assets.xcassets in Resources */,
				7ABDDD47253564A500E7ED78 /* Main.storyboard in Resources */,
			);
			runOnlyForDeploymentPostprocessing = 0;
		};
/* End PBXResourcesBuildPhase section */

/* Begin PBXSourcesBuildPhase section */
		7ABDDD38253564A500E7ED78 /* Sources */ = {
			isa = PBXSourcesBuildPhase;
			buildActionMask = 2147483647;
			files = (
				7ABDDD44253564A500E7ED78 /* ViewController.swift in Sources */,
				7A58C6E62560EECE004ECE69 /* Cells.swift in Sources */,
				7AD2B72226AE20F300FFB496 /* MinHeap.swift in Sources */,
				7ABDDD40253564A500E7ED78 /* AppDelegate.swift in Sources */,
				7AD2B71E26ADE1FA00FFB496 /* ButtonState.swift in Sources */,
				7ABDDD42253564A500E7ED78 /* SceneDelegate.swift in Sources */,
				7AD2B72026AE1E8600FFB496 /* Node.swift in Sources */,
			);
			runOnlyForDeploymentPostprocessing = 0;
		};
/* End PBXSourcesBuildPhase section */

/* Begin PBXVariantGroup section */
		7ABDDD45253564A500E7ED78 /* Main.storyboard */ = {
			isa = PBXVariantGroup;
			children = (
				7ABDDD46253564A500E7ED78 /* Base */,
			);
			name = Main.storyboard;
			sourceTree = "<group>";
		};
		7ABDDD4A253564A900E7ED78 /* LaunchScreen.storyboard */ = {
			isa = PBXVariantGroup;
			children = (
				7ABDDD4B253564A900E7ED78 /* Base */,
			);
			name = LaunchScreen.storyboard;
			sourceTree = "<group>";
		};
/* End PBXVariantGroup section */

/* Begin XCBuildConfiguration section */
		7ABDDD4E253564A900E7ED78 /* Debug */ = {
			isa = XCBuildConfiguration;
			buildSettings = {
				ALWAYS_SEARCH_USER_PATHS = NO;
				CLANG_ANALYZER_NONNULL = YES;
				CLANG_ANALYZER_NUMBER_OBJECT_CONVERSION = YES_AGGRESSIVE;
				CLANG_CXX_LANGUAGE_STANDARD = "gnu++14";
				CLANG_CXX_LIBRARY = "libc++";
				CLANG_ENABLE_MODULES = YES;
				CLANG_ENABLE_OBJC_ARC = YES;
				CLANG_ENABLE_OBJC_WEAK = YES;
				CLANG_WARN_BLOCK_CAPTURE_AUTORELEASING = YES;
				CLANG_WARN_BOOL_CONVERSION = YES;
				CLANG_WARN_COMMA = YES;
				CLANG_WARN_CONSTANT_CONVERSION = YES;
				CLANG_WARN_DEPRECATED_OBJC_IMPLEMENTATIONS = YES;
				CLANG_WARN_DIRECT_OBJC_ISA_USAGE = YES_ERROR;
				CLANG_WARN_DOCUMENTATION_COMMENTS = YES;
				CLANG_WARN_EMPTY_BODY = YES;
				CLANG_WARN_ENUM_CONVERSION = YES;
				CLANG_WARN_INFINITE_RECURSION = YES;
				CLANG_WARN_INT_CONVERSION = YES;
				CLANG_WARN_NON_LITERAL_NULL_CONVERSION = YES;
				CLANG_WARN_OBJC_IMPLICIT_RETAIN_SELF = YES;
				CLANG_WARN_OBJC_LITERAL_CONVERSION = YES;
				CLANG_WARN_OBJC_ROOT_CLASS = YES_ERROR;
				CLANG_WARN_QUOTED_INCLUDE_IN_FRAMEWORK_HEADER = YES;
				CLANG_WARN_RANGE_LOOP_ANALYSIS = YES;
				CLANG_WARN_STRICT_PROTOTYPES = YES;
				CLANG_WARN_SUSPICIOUS_MOVE = YES;
				CLANG_WARN_UNGUARDED_AVAILABILITY = YES_AGGRESSIVE;
				CLANG_WARN_UNREACHABLE_CODE = YES;
				CLANG_WARN__DUPLICATE_METHOD_MATCH = YES;
				COPY_PHASE_STRIP = NO;
				DEBUG_INFORMATION_FORMAT = dwarf;
				ENABLE_STRICT_OBJC_MSGSEND = YES;
				ENABLE_TESTABILITY = YES;
				GCC_C_LANGUAGE_STANDARD = gnu11;
				GCC_DYNAMIC_NO_PIC = NO;
				GCC_NO_COMMON_BLOCKS = YES;
				GCC_OPTIMIZATION_LEVEL = 0;
				GCC_PREPROCESSOR_DEFINITIONS = (
					"DEBUG=1",
					"$(inherited)",
				);
				GCC_WARN_64_TO_32_BIT_CONVERSION = YES;
				GCC_WARN_ABOUT_RETURN_TYPE = YES_ERROR;
				GCC_WARN_UNDECLARED_SELECTOR = YES;
				GCC_WARN_UNINITIALIZED_AUTOS = YES_AGGRESSIVE;
				GCC_WARN_UNUSED_FUNCTION = YES;
				GCC_WARN_UNUSED_VARIABLE = YES;
				IPHONEOS_DEPLOYMENT_TARGET = 14.0;
				MTL_ENABLE_DEBUG_INFO = INCLUDE_SOURCE;
				MTL_FAST_MATH = YES;
				ONLY_ACTIVE_ARCH = YES;
				SDKROOT = iphoneos;
				SWIFT_ACTIVE_COMPILATION_CONDITIONS = DEBUG;
				SWIFT_OPTIMIZATION_LEVEL = "-Onone";
			};
			name = Debug;
		};
		7ABDDD4F253564A900E7ED78 /* Release */ = {
			isa = XCBuildConfiguration;
			buildSettings = {
				ALWAYS_SEARCH_USER_PATHS = NO;
				CLANG_ANALYZER_NONNULL = YES;
				CLANG_ANALYZER_NUMBER_OBJECT_CONVERSION = YES_AGGRESSIVE;
				CLANG_CXX_LANGUAGE_STANDARD = "gnu++14";
				CLANG_CXX_LIBRARY = "libc++";
				CLANG_ENABLE_MODULES = YES;
				CLANG_ENABLE_OBJC_ARC = YES;
				CLANG_ENABLE_OBJC_WEAK = YES;
				CLANG_WARN_BLOCK_CAPTURE_AUTORELEASING = YES;
				CLANG_WARN_BOOL_CONVERSION = YES;
				CLANG_WARN_COMMA = YES;
				CLANG_WARN_CONSTANT_CONVERSION = YES;
				CLANG_WARN_DEPRECATED_OBJC_IMPLEMENTATIONS = YES;
				CLANG_WARN_DIRECT_OBJC_ISA_USAGE = YES_ERROR;
				CLANG_WARN_DOCUMENTATION_COMMENTS = YES;
				CLANG_WARN_EMPTY_BODY = YES;
				CLANG_WARN_ENUM_CONVERSION = YES;
				CLANG_WARN_INFINITE_RECURSION = YES;
				CLANG_WARN_INT_CONVERSION = YES;
				CLANG_WARN_NON_LITERAL_NULL_CONVERSION = YES;
				CLANG_WARN_OBJC_IMPLICIT_RETAIN_SELF = YES;
				CLANG_WARN_OBJC_LITERAL_CONVERSION = YES;
				CLANG_WARN_OBJC_ROOT_CLASS = YES_ERROR;
				CLANG_WARN_QUOTED_INCLUDE_IN_FRAMEWORK_HEADER = YES;
				CLANG_WARN_RANGE_LOOP_ANALYSIS = YES;
				CLANG_WARN_STRICT_PROTOTYPES = YES;
				CLANG_WARN_SUSPICIOUS_MOVE = YES;
				CLANG_WARN_UNGUARDED_AVAILABILITY = YES_AGGRESSIVE;
				CLANG_WARN_UNREACHABLE_CODE = YES;
				CLANG_WARN__DUPLICATE_METHOD_MATCH = YES;
				COPY_PHASE_STRIP = NO;
				DEBUG_INFORMATION_FORMAT = "dwarf-with-dsym";
				ENABLE_NS_ASSERTIONS = NO;
				ENABLE_STRICT_OBJC_MSGSEND = YES;
				GCC_C_LANGUAGE_STANDARD = gnu11;
				GCC_NO_COMMON_BLOCKS = YES;
				GCC_WARN_64_TO_32_BIT_CONVERSION = YES;
				GCC_WARN_ABOUT_RETURN_TYPE = YES_ERROR;
				GCC_WARN_UNDECLARED_SELECTOR = YES;
				GCC_WARN_UNINITIALIZED_AUTOS = YES_AGGRESSIVE;
				GCC_WARN_UNUSED_FUNCTION = YES;
				GCC_WARN_UNUSED_VARIABLE = YES;
				IPHONEOS_DEPLOYMENT_TARGET = 14.0;
				MTL_ENABLE_DEBUG_INFO = NO;
				MTL_FAST_MATH = YES;
				SDKROOT = iphoneos;
				SWIFT_COMPILATION_MODE = wholemodule;
				SWIFT_OPTIMIZATION_LEVEL = "-O";
				VALIDATE_PRODUCT = YES;
			};
			name = Release;
		};
		7ABDDD51253564A900E7ED78 /* Debug */ = {
			isa = XCBuildConfiguration;
			buildSettings = {
				ASSETCATALOG_COMPILER_APPICON_NAME = AppIcon;
				ASSETCATALOG_COMPILER_GLOBAL_ACCENT_COLOR_NAME = AccentColor;
				CODE_SIGN_STYLE = Automatic;
				DEVELOPMENT_TEAM = H7JSTY3FFW;
				INFOPLIST_FILE = SearchAlgoVisualizer/Info.plist;
				LD_RUNPATH_SEARCH_PATHS = (
					"$(inherited)",
					"@executable_path/Frameworks",
				);
				PRODUCT_BUNDLE_IDENTIFIER = com.NickLee.SearchAlgoVisualizer;
				PRODUCT_NAME = "$(TARGET_NAME)";
				SWIFT_VERSION = 5.0;
				TARGETED_DEVICE_FAMILY = "1,2";
			};
			name = Debug;
		};
		7ABDDD52253564A900E7ED78 /* Release */ = {
			isa = XCBuildConfiguration;
			buildSettings = {
				ASSETCATALOG_COMPILER_APPICON_NAME = AppIcon;
				ASSETCATALOG_COMPILER_GLOBAL_ACCENT_COLOR_NAME = AccentColor;
				CODE_SIGN_STYLE = Automatic;
				DEVELOPMENT_TEAM = H7JSTY3FFW;
				INFOPLIST_FILE = SearchAlgoVisualizer/Info.plist;
				LD_RUNPATH_SEARCH_PATHS = (
					"$(inherited)",
					"@executable_path/Frameworks",
				);
				PRODUCT_BUNDLE_IDENTIFIER = com.NickLee.SearchAlgoVisualizer;
				PRODUCT_NAME = "$(TARGET_NAME)";
				SWIFT_VERSION = 5.0;
				TARGETED_DEVICE_FAMILY = "1,2";
			};
			name = Release;
		};
/* End XCBuildConfiguration section */

/* Begin XCConfigurationList section */
		7ABDDD37253564A500E7ED78 /* Build configuration list for PBXProject "SearchAlgoVisualizer" */ = {
			isa = XCConfigurationList;
			buildConfigurations = (
				7ABDDD4E253564A900E7ED78 /* Debug */,
				7ABDDD4F253564A900E7ED78 /* Release */,
			);
			defaultConfigurationIsVisible = 0;
			defaultConfigurationName = Release;
		};
		7ABDDD50253564A900E7ED78 /* Build configuration list for PBXNativeTarget "SearchAlgoVisualizer" */ = {
			isa = XCConfigurationList;
			buildConfigurations = (
				7ABDDD51253564A900E7ED78 /* Debug */,
				7ABDDD52253564A900E7ED78 /* Release */,
			);
			defaultConfigurationIsVisible = 0;
			defaultConfigurationName = Release;
		};
/* End XCConfigurationList section */
	};
	rootObject = 7ABDDD34253564A500E7ED78 /* Project object */;
}
